
Microsoft Visual Studio Solution File, Format Version 12.00
# Visual Studio Version 17
VisualStudioVersion = 17.0.32126.317
MinimumVisualStudioVersion = 10.0.40219.1
Project("{FAE04EC0-301F-11D3-BF4B-00C04F79EFBC}") = "Database", "Database\Database.csproj", "{875C1F78-E43E-4FCF-9ACF-F7FDD97912DC}"
EndProject
Project("{FAE04EC0-301F-11D3-BF4B-00C04F79EFBC}") = "WebApi", "WebApi\WebApi.csproj", "{F71CE729-A094-4F04-8A27-577026148AA1}"
EndProject
Global
	GlobalSection(SolutionConfigurationPlatforms) = preSolution
		Debug|Any CPU = Debug|Any CPU
		Release|Any CPU = Release|Any CPU
	EndGlobalSection
	GlobalSection(ProjectConfigurationPlatforms) = postSolution
		{875C1F78-E43E-4FCF-9ACF-F7FDD97912DC}.Debug|Any CPU.ActiveCfg = Debug|Any CPU
		{875C1F78-E43E-4FCF-9ACF-F7FDD97912DC}.Debug|Any CPU.Build.0 = Debug|Any CPU
		{875C1F78-E43E-4FCF-9ACF-F7FDD97912DC}.Release|Any CPU.ActiveCfg = Release|Any CPU
		{875C1F78-E43E-4FCF-9ACF-F7FDD97912DC}.Release|Any CPU.Build.0 = Release|Any CPU
		{F71CE729-A094-4F04-8A27-577026148AA1}.Debug|Any CPU.ActiveCfg = Debug|Any CPU
		{F71CE729-A094-4F04-8A27-577026148AA1}.Debug|Any CPU.Build.0 = Debug|Any CPU
		{F71CE729-A094-4F04-8A27-577026148AA1}.Release|Any CPU.ActiveCfg = Release|Any CPU
		{F71CE729-A094-4F04-8A27-577026148AA1}.Release|Any CPU.Build.0 = Release|Any CPU
	EndGlobalSection
	GlobalSection(SolutionProperties) = preSolution
		HideSolutionNode = FALSE
	EndGlobalSection
	GlobalSection(ExtensibilityGlobals) = postSolution
		SolutionGuid = {C9199B2D-51F0-4B4B-88DB-A0E57A2E5C49}
	EndGlobalSection
EndGlobal
